{
    "_meta": {
        "hash": {
            "sha256": "25f0e7c04e32f66662057ab20b18bb86ee178751b3fc28fbaed8b1eef30f49f6"
        },
        "pipfile-spec": 6,
        "requires": {
            "python_version": "3.7"
        },
        "sources": [
            {
                "name": "pypi",
                "url": "https://pypi.org/simple",
                "verify_ssl": true
            }
        ]
    },
    "default": {
        "appdirs": {
            "hashes": [
                "sha256:7d5d0167b2b1ba821647616af46a749d1c653740dd0d2415100fe26e27afdf41",
                "sha256:a841dacd6b99318a741b166adb07e19ee71a274450e68237b4650ca1055ab128"
            ],
            "version": "==1.4.4"
        },
        "atomicwrites": {
            "hashes": [
                "sha256:6d1784dea7c0c8d4a5172b6c620f40b6e4cbfdf96d783691f2e1302a7b88e197",
                "sha256:ae70396ad1a434f9c7046fd2dd196fc04b12f9e91ffb859164193be8b6168a7a"
            ],
            "version": "==1.4.0"
        },
        "attrs": {
            "hashes": [
                "sha256:31b2eced602aa8423c2aea9c76a724617ed67cf9513173fd3a4f03e3a929c7e6",
                "sha256:832aa3cde19744e49938b91fea06d69ecb9e649c93ba974535d08ad92164f700"
            ],
            "version": "==20.3.0"
        },
        "coverage": {
            "hashes": [
                "sha256:03481e81d558d30d230bc12999e3edffe392d244349a90f4ef9b88425fac74ba",
                "sha256:0b136648de27201056c1869a6c0d4e23f464750fd9a9ba9750b8336a244429ed",
                "sha256:0bf8cbbd71adfff0ef1f3a1531e6402d13b7b01ac50a79c97ca15f030dba6306",
                "sha256:10a46017fef60e16694a30627319f38a2b9b52e90182dddb6e37dcdab0f4bf95",
                "sha256:198626739a79b09fa0a2f06e083ffd12eb55449b5f8bfdbeed1df4910b2ca640",
                "sha256:23d341cdd4a0371820eb2b0bd6b88f5003a7438bbedb33688cd33b8eae59affd",
                "sha256:28b2191e7283f4f3568962e373b47ef7f0392993bb6660d079c62bd50fe9d162",
                "sha256:2a5b73210bad5279ddb558d9a2bfedc7f4bf6ad7f3c988641d83c40293deaec1",
                "sha256:2eb564bbf7816a9d68dd3369a510be3327f1c618d2357fa6b1216994c2e3d508",
                "sha256:337ded681dd2ef9ca04ef5d93cfc87e52e09db2594c296b4a0a3662cb1b41249",
                "sha256:3a2184c6d797a125dca8367878d3b9a178b6fdd05fdc2d35d758c3006a1cd694",
                "sha256:3c79a6f7b95751cdebcd9037e4d06f8d5a9b60e4ed0cd231342aa8ad7124882a",
                "sha256:3d72c20bd105022d29b14a7d628462ebdc61de2f303322c0212a054352f3b287",
                "sha256:3eb42bf89a6be7deb64116dd1cc4b08171734d721e7a7e57ad64cc4ef29ed2f1",
                "sha256:4635a184d0bbe537aa185a34193898eee409332a8ccb27eea36f262566585000",
                "sha256:56e448f051a201c5ebbaa86a5efd0ca90d327204d8b059ab25ad0f35fbfd79f1",
                "sha256:5a13ea7911ff5e1796b6d5e4fbbf6952381a611209b736d48e675c2756f3f74e",
                "sha256:69bf008a06b76619d3c3f3b1983f5145c75a305a0fea513aca094cae5c40a8f5",
                "sha256:6bc583dc18d5979dc0f6cec26a8603129de0304d5ae1f17e57a12834e7235062",
                "sha256:701cd6093d63e6b8ad7009d8a92425428bc4d6e7ab8d75efbb665c806c1d79ba",
                "sha256:7608a3dd5d73cb06c531b8925e0ef8d3de31fed2544a7de6c63960a1e73ea4bc",
                "sha256:76ecd006d1d8f739430ec50cc872889af1f9c1b6b8f48e29941814b09b0fd3cc",
                "sha256:7aa36d2b844a3e4a4b356708d79fd2c260281a7390d678a10b91ca595ddc9e99",
                "sha256:7d3f553904b0c5c016d1dad058a7554c7ac4c91a789fca496e7d8347ad040653",
                "sha256:7e1fe19bd6dce69d9fd159d8e4a80a8f52101380d5d3a4d374b6d3eae0e5de9c",
                "sha256:8c3cb8c35ec4d9506979b4cf90ee9918bc2e49f84189d9bf5c36c0c1119c6558",
                "sha256:9d6dd10d49e01571bf6e147d3b505141ffc093a06756c60b053a859cb2128b1f",
                "sha256:be6cfcd8053d13f5f5eeb284aa8a814220c3da1b0078fa859011c7fffd86dab9",
                "sha256:c1bb572fab8208c400adaf06a8133ac0712179a334c09224fb11393e920abcdd",
                "sha256:de4418dadaa1c01d497e539210cb6baa015965526ff5afc078c57ca69160108d",
                "sha256:e05cb4d9aad6233d67e0541caa7e511fa4047ed7750ec2510d466e806e0255d6",
                "sha256:f05a636b4564104120111800021a92e43397bc12a5c72fed7036be8556e0029e",
                "sha256:f3f501f345f24383c0000395b26b726e46758b71393267aeae0bd36f8b3ade80"
            ],
            "index": "pypi",
            "version": "==4.5.1"
        },
        "detox": {
            "hashes": [
                "sha256:881bf1609a16a446ea8932327a267234366261a6f17d97f21cb7d752049145ed",
                "sha256:accde1a79b621df9dfd55b97460e80743a771a3d9a1acd900489a4355f0cc8c7"
            ],
            "index": "pypi",
            "version": "==0.15"
        },
        "distlib": {
            "hashes": [
                "sha256:8c09de2c67b3e7deef7184574fc060ab8a793e7adbb183d942c389c8b13c52fb",
                "sha256:edf6116872c863e1aa9d5bb7cb5e05a022c519a4594dc703843343a9ddd9bff1"
            ],
            "version": "==0.3.1"
        },
        "dnspython": {
            "hashes": [
                "sha256:36c5e8e38d4369a08b6780b7f27d790a292b2b08eea01607865bf0936c558e01",
                "sha256:f69c21288a962f4da86e56c4905b49d11aba7938d3d740e80d9e366ee4f1632d"
            ],
            "version": "==1.16.0"
        },
        "eventlet": {
            "hashes": [
                "sha256:1811b122d9a45eb5bafba092d36911bca825f835cb648a862bbf984030acff9d",
                "sha256:89cc6dbfef47c4629cefead5fde21c5f2b33464d57f7df5fc5148f8b4de3fbb5"
            ],
            "version": "==0.30.2"
        },
        "filelock": {
            "hashes": [
                "sha256:18d82244ee114f543149c66a6e0c14e9c4f8a1044b5cdaadd0f82159d6a6ff59",
                "sha256:929b7d63ec5b7d6b71b0fa5ac14e030b3f70b75747cef1b10da9b879fef15836"
            ],
            "version": "==3.0.12"
        },
        "greenlet": {
            "hashes": [
                "sha256:0a77691f0080c9da8dfc81e23f4e3cffa5accf0f5b56478951016d7cfead9196",
                "sha256:0ddd77586553e3daf439aa88b6642c5f252f7ef79a39271c25b1d4bf1b7cbb85",
                "sha256:111cfd92d78f2af0bc7317452bd93a477128af6327332ebf3c2be7df99566683",
                "sha256:122c63ba795fdba4fc19c744df6277d9cfd913ed53d1a286f12189a0265316dd",
                "sha256:181300f826625b7fd1182205b830642926f52bd8cdb08b34574c9d5b2b1813f7",
                "sha256:1a1ada42a1fd2607d232ae11a7b3195735edaa49ea787a6d9e6a53afaf6f3476",
                "sha256:1bb80c71de788b36cefb0c3bb6bfab306ba75073dbde2829c858dc3ad70f867c",
                "sha256:1d1d4473ecb1c1d31ce8fd8d91e4da1b1f64d425c1dc965edc4ed2a63cfa67b2",
                "sha256:292e801fcb3a0b3a12d8c603c7cf340659ea27fd73c98683e75800d9fd8f704c",
                "sha256:2c65320774a8cd5fdb6e117c13afa91c4707548282464a18cf80243cf976b3e6",
                "sha256:4365eccd68e72564c776418c53ce3c5af402bc526fe0653722bc89efd85bf12d",
                "sha256:5352c15c1d91d22902582e891f27728d8dac3bd5e0ee565b6a9f575355e6d92f",
                "sha256:58ca0f078d1c135ecf1879d50711f925ee238fe773dfe44e206d7d126f5bc664",
                "sha256:5d4030b04061fdf4cbc446008e238e44936d77a04b2b32f804688ad64197953c",
                "sha256:5d69bbd9547d3bc49f8a545db7a0bd69f407badd2ff0f6e1a163680b5841d2b0",
                "sha256:5f297cb343114b33a13755032ecf7109b07b9a0020e841d1c3cedff6602cc139",
                "sha256:62afad6e5fd70f34d773ffcbb7c22657e1d46d7fd7c95a43361de979f0a45aef",
                "sha256:647ba1df86d025f5a34043451d7c4a9f05f240bee06277a524daad11f997d1e7",
                "sha256:719e169c79255816cdcf6dccd9ed2d089a72a9f6c42273aae12d55e8d35bdcf8",
                "sha256:7cd5a237f241f2764324396e06298b5dee0df580cf06ef4ada0ff9bff851286c",
                "sha256:875d4c60a6299f55df1c3bb870ebe6dcb7db28c165ab9ea6cdc5d5af36bb33ce",
                "sha256:90b6a25841488cf2cb1c8623a53e6879573010a669455046df5f029d93db51b7",
                "sha256:94620ed996a7632723a424bccb84b07e7b861ab7bb06a5aeb041c111dd723d36",
                "sha256:b5f1b333015d53d4b381745f5de842f19fe59728b65f0fbb662dafbe2018c3a5",
                "sha256:c5b22b31c947ad8b6964d4ed66776bcae986f73669ba50620162ba7c832a6b6a",
                "sha256:c93d1a71c3fe222308939b2e516c07f35a849c5047f0197442a4d6fbcb4128ee",
                "sha256:cdb90267650c1edb54459cdb51dab865f6c6594c3a47ebd441bc493360c7af70",
                "sha256:cfd06e0f0cc8db2a854137bd79154b61ecd940dce96fad0cba23fe31de0b793c",
                "sha256:d3789c1c394944084b5e57c192889985a9f23bd985f6d15728c745d380318128",
                "sha256:da7d09ad0f24270b20f77d56934e196e982af0d0a2446120cb772be4e060e1a2",
                "sha256:df3e83323268594fa9755480a442cabfe8d82b21aba815a71acf1bb6c1776218",
                "sha256:df8053867c831b2643b2c489fe1d62049a98566b1646b194cc815f13e27b90df",
                "sha256:e1128e022d8dce375362e063754e129750323b67454cac5600008aad9f54139e",
                "sha256:e6e9fdaf6c90d02b95e6b0709aeb1aba5affbbb9ccaea5502f8638e4323206be",
                "sha256:eac8803c9ad1817ce3d8d15d1bb82c2da3feda6bee1153eec5c58fa6e5d3f770",
                "sha256:eb333b90036358a0e2c57373f72e7648d7207b76ef0bd00a4f7daad1f79f5203",
                "sha256:ed1d1351f05e795a527abc04a0d82e9aecd3bdf9f46662c36ff47b0b00ecaf06",
                "sha256:f3dc68272990849132d6698f7dc6df2ab62a88b0d36e54702a8fd16c0490e44f",
                "sha256:f59eded163d9752fd49978e0bab7a1ff21b1b8d25c05f0995d140cc08ac83379",
                "sha256:f5e2d36c86c7b03c94b8459c3bd2c9fe2c7dab4b258b8885617d44a22e453fb7",
                "sha256:f6f65bf54215e4ebf6b01e4bb94c49180a589573df643735107056f7a910275b",
                "sha256:f8450d5ef759dbe59f84f2c9f77491bb3d3c44bc1a573746daf086e70b14c243",
                "sha256:f97d83049715fd9dec7911860ecf0e17b48d8725de01e45de07d8ac0bd5bc378"
            ],
            "version": "==1.0.0"
        },
        "importlib-metadata": {
            "hashes": [
                "sha256:19192b88d959336bfa6bdaaaef99aeafec179eca19c47c804e555703ee5f07ef",
                "sha256:2e881981c9748d7282b374b68e759c87745c25427b67ecf0cc67fb6637a1bff9"
            ],
            "markers": "python_version < '3.8'",
            "version": "==4.0.0"
        },
        "more-itertools": {
            "hashes": [
                "sha256:5652a9ac72209ed7df8d9c15daf4e1aa0e3d2ccd3c87f8265a0673cd9cbc9ced",
                "sha256:c5d6da9ca3ff65220c3bfd2a8db06d698f05d4d2b9be57e1deb2be5a45019713"
            ],
            "version": "==8.7.0"
        },
        "pluggy": {
            "hashes": [
                "sha256:15b2acde666561e1298d71b523007ed7364de07029219b604cf808bfa1c765b0",
                "sha256:966c145cd83c96502c3c3868f50408687b38434af77734af1e9ca461a4081d2d"
            ],
            "version": "==0.13.1"
        },
        "py": {
            "hashes": [
                "sha256:21b81bda15b66ef5e1a777a21c4dcd9c20ad3efd0b3f817e7a809035269e1bd3",
                "sha256:3b80836aa6d1feeaa108e046da6423ab8f6ceda6468545ae8d02d9d58d18818a"
            ],
            "index": "pypi",
            "version": "==1.10.0"
        },
        "pysimplevalidate": {
            "editable": true,
            "path": "."
        },
        "pytest": {
            "hashes": [
                "sha256:7e258ee50338f4e46957f9e09a0f10fb1c2d05493fa901d113a8dafd0790de4e",
                "sha256:9332147e9af2dcf46cd7ceb14d5acadb6564744ddff1fe8c17f0ce60ece7d9a2"
            ],
            "index": "pypi",
            "version": "==3.8.2"
        },
        "six": {
            "hashes": [
                "sha256:30639c035cdb23534cd4aa2dd52c3bf48f06e5f4a941509c8bafd8ce11080259",
                "sha256:8b74bedcbbbaca38ff6d7491d76f2b06b3592611af620f8426e82dddb04a5ced"
            ],
            "version": "==1.15.0"
        },
        "toml": {
            "hashes": [
                "sha256:806143ae5bfb6a3c6e736a764057db0e6a0e05e338b5630894a5f779cabb4f9b",
                "sha256:b3bda1d108d5dd99f4a20d24d9c348e91c4db7ab1b749200bded2f839ccbe68f"
            ],
            "version": "==0.10.2"
        },
        "tox": {
            "hashes": [
                "sha256:7f802b37fffd3b5ef2aab104943fa5dad24bf9564bb7e732e54b8d0cfec2fca0",
                "sha256:cc97859bd7f38aa5b3b8ba55ffe7ee9952e7050faad1aedc0829cd3db2fb61d6"
            ],
            "index": "pypi",
            "version": "==3.4.0"
        },
        "typing-extensions": {
            "hashes": [
                "sha256:7cb407020f00f7bfc3cb3e7881628838e69d8f3fcab2f64742a5e76b2f841918",
                "sha256:99d4073b617d30288f569d3f13d2bd7548c3a7e4c8de87db09a9d29bb3a4a60c",
                "sha256:dafc7639cde7f1b6e1acc0f457842a83e722ccca8eef5270af2d74792619a89f"
            ],
            "markers": "python_version < '3.8'",
            "version": "==3.7.4.3"
        },
        "virtualenv": {
            "hashes": [
                "sha256:09c61377ef072f43568207dc8e46ddeac6bcdcaf288d49011bda0e7f4d38c4a2",
                "sha256:a935126db63128861987a7d5d30e23e8ec045a73840eeccb467c148514e29535"
            ],
            "version": "==20.4.4"
        },
        "zipp": {
            "hashes": [
                "sha256:3607921face881ba3e026887d8150cca609d517579abe052ac81fc5aeffdbd76",
                "sha256:51cb66cc54621609dd593d1787f286ee42a5c0adbb4b29abea5a63edc3e03098"
            ],
            "version": "==3.4.1"
        }
    },
    "develop": {}
}
